// !$*UTF8*$!
{
	archiveVersion = 1;
	classes = {
	};
	objectVersion = 56;
	objects = {

/* Begin PBXBuildFile section */
		79234E20290152E500AE2A9C /* AppDelegate.swift in Sources */ = {isa = PBXBuildFile; fileRef = 79234E1F290152E500AE2A9C /* AppDelegate.swift */; };
		79234E22290152E500AE2A9C /* SceneDelegate.swift in Sources */ = {isa = PBXBuildFile; fileRef = 79234E21290152E500AE2A9C /* SceneDelegate.swift */; };
		79234E24290152E500AE2A9C /* ViewController.swift in Sources */ = {isa = PBXBuildFile; fileRef = 79234E23290152E500AE2A9C /* ViewController.swift */; };
		79234E27290152E500AE2A9C /* Main.storyboard in Resources */ = {isa = PBXBuildFile; fileRef = 79234E25290152E500AE2A9C /* Main.storyboard */; };
		79234E29290152E700AE2A9C /* Assets.xcassets in Resources */ = {isa = PBXBuildFile; fileRef = 79234E28290152E700AE2A9C /* Assets.xcassets */; };
		79234E2C290152E700AE2A9C /* LaunchScreen.storyboard in Resources */ = {isa = PBXBuildFile; fileRef = 79234E2A290152E700AE2A9C /* LaunchScreen.storyboard */; };
		79234E35290153A600AE2A9C /* RxCocoa in Frameworks */ = {isa = PBXBuildFile; productRef = 79234E34290153A600AE2A9C /* RxCocoa */; };
		79234E37290153A600AE2A9C /* RxRelay in Frameworks */ = {isa = PBXBuildFile; productRef = 79234E36290153A600AE2A9C /* RxRelay */; };
		79234E39290153A600AE2A9C /* RxSwift in Frameworks */ = {isa = PBXBuildFile; productRef = 79234E38290153A600AE2A9C /* RxSwift */; };
/* End PBXBuildFile section */

/* Begin PBXFileReference section */
		79234E1C290152E500AE2A9C /* MVVM + RxSwift.app */ = {isa = PBXFileReference; explicitFileType = wrapper.application; includeInIndex = 0; path = "MVVM + RxSwift.app"; sourceTree = BUILT_PRODUCTS_DIR; };
		79234E1F290152E500AE2A9C /* AppDelegate.swift */ = {isa = PBXFileReference; lastKnownFileType = sourcecode.swift; path = AppDelegate.swift; sourceTree = "<group>"; };
		79234E21290152E500AE2A9C /* SceneDelegate.swift */ = {isa = PBXFileReference; lastKnownFileType = sourcecode.swift; path = SceneDelegate.swift; sourceTree = "<group>"; };
		79234E23290152E500AE2A9C /* ViewController.swift */ = {isa = PBXFileReference; lastKnownFileType = sourcecode.swift; path = ViewController.swift; sourceTree = "<group>"; };
		79234E26290152E500AE2A9C /* Base */ = {isa = PBXFileReference; lastKnownFileType = file.storyboard; name = Base; path = Base.lproj/Main.storyboard; sourceTree = "<group>"; };
		79234E28290152E700AE2A9C /* Assets.xcassets */ = {isa = PBXFileReference; lastKnownFileType = folder.assetcatalog; path = Assets.xcassets; sourceTree = "<group>"; };
		79234E2B290152E700AE2A9C /* Base */ = {isa = PBXFileReference; lastKnownFileType = file.storyboard; name = Base; path = Base.lproj/LaunchScreen.storyboard; sourceTree = "<group>"; };
		79234E2D290152E700AE2A9C /* Info.plist */ = {isa = PBXFileReference; lastKnownFileType = text.plist.xml; path = Info.plist; sourceTree = "<group>"; };
/* End PBXFileReference section */

/* Begin PBXFrameworksBuildPhase section */
		79234E19290152E500AE2A9C /* Frameworks */ = {
			isa = PBXFrameworksBuildPhase;
			buildActionMask = 2147483647;
			files = (
				79234E39290153A600AE2A9C /* RxSwift in Frameworks */,
				79234E37290153A600AE2A9C /* RxRelay in Frameworks */,
				79234E35290153A600AE2A9C /* RxCocoa in Frameworks */,
			);
			runOnlyForDeploymentPostprocessing = 0;
		};
/* End PBXFrameworksBuildPhase section */

/* Begin PBXGroup section */
		79234E13290152E500AE2A9C = {
			isa = PBXGroup;
			children = (
				79234E1E290152E500AE2A9C /* MVVM + RxSwift */,
				79234E1D290152E500AE2A9C /* Products */,
			);
			sourceTree = "<group>";
		};
		79234E1D290152E500AE2A9C /* Products */ = {
			isa = PBXGroup;
			children = (
				79234E1C290152E500AE2A9C /* MVVM + RxSwift.app */,
			);
			name = Products;
			sourceTree = "<group>";
		};
		79234E1E290152E500AE2A9C /* MVVM + RxSwift */ = {
			isa = PBXGroup;
			children = (
				79234E1F290152E500AE2A9C /* AppDelegate.swift */,
				79234E21290152E500AE2A9C /* SceneDelegate.swift */,
				79234E23290152E500AE2A9C /* ViewController.swift */,
				79234E25290152E500AE2A9C /* Main.storyboard */,
				79234E28290152E700AE2A9C /* Assets.xcassets */,
				79234E2A290152E700AE2A9C /* LaunchScreen.storyboard */,
				79234E2D290152E700AE2A9C /* Info.plist */,
			);
			path = "MVVM + RxSwift";
			sourceTree = "<group>";
		};
/* End PBXGroup section */

/* Begin PBXNativeTarget section */
		79234E1B290152E500AE2A9C /* MVVM + RxSwift */ = {
			isa = PBXNativeTarget;
			buildConfigurationList = 79234E30290152E700AE2A9C /* Build configuration list for PBXNativeTarget "MVVM + RxSwift" */;
			buildPhases = (
				79234E18290152E500AE2A9C /* Sources */,
				79234E19290152E500AE2A9C /* Frameworks */,
				79234E1A290152E500AE2A9C /* Resources */,
			);
			buildRules = (
			);
			dependencies = (
			);
			name = "MVVM + RxSwift";
			packageProductDependencies = (
				79234E34290153A600AE2A9C /* RxCocoa */,
				79234E36290153A600AE2A9C /* RxRelay */,
				79234E38290153A600AE2A9C /* RxSwift */,
			);
			productName = "MVVM + RxSwift";
			productReference = 79234E1C290152E500AE2A9C /* MVVM + RxSwift.app */;
			productType = "com.apple.product-type.application";
		};
/* End PBXNativeTarget section */

/* Begin PBXProject section */
		79234E14290152E500AE2A9C /* Project object */ = {
			isa = PBXProject;
			attributes = {
				BuildIndependentTargetsInParallel = 1;
				LastSwiftUpdateCheck = 1400;
				LastUpgradeCheck = 1400;
				TargetAttributes = {
					79234E1B290152E500AE2A9C = {
						CreatedOnToolsVersion = 14.0.1;
					};
				};
			};
			buildConfigurationList = 79234E17290152E500AE2A9C /* Build configuration list for PBXProject "MVVM + RxSwift" */;
			compatibilityVersion = "Xcode 14.0";
			developmentRegion = en;
			hasScannedForEncodings = 0;
			knownRegions = (
				en,
				Base,
			);
			mainGroup = 79234E13290152E500AE2A9C;
			packageReferences = (
				79234E33290153A600AE2A9C /* XCRemoteSwiftPackageReference "RxSwift" */,
			);
			productRefGroup = 79234E1D290152E500AE2A9C /* Products */;
			projectDirPath = "";
			projectRoot = "";
			targets = (
				79234E1B290152E500AE2A9C /* MVVM + RxSwift */,
			);
		};
/* End PBXProject section */

/* Begin PBXResourcesBuildPhase section */
		79234E1A290152E500AE2A9C /* Resources */ = {
			isa = PBXResourcesBuildPhase;
			buildActionMask = 2147483647;
			files = (
				79234E2C290152E700AE2A9C /* LaunchScreen.storyboard in Resources */,
				79234E29290152E700AE2A9C /* Assets.xcassets in Resources */,
				79234E27290152E500AE2A9C /* Main.storyboard in Resources */,
			);
			runOnlyForDeploymentPostprocessing = 0;
		};
/* End PBXResourcesBuildPhase section */

/* Begin PBXSourcesBuildPhase section */
		79234E18290152E500AE2A9C /* Sources */ = {
			isa = PBXSourcesBuildPhase;
			buildActionMask = 2147483647;
			files = (
				79234E24290152E500AE2A9C /* ViewController.swift in Sources */,
				79234E20290152E500AE2A9C /* AppDelegate.swift in Sources */,
				79234E22290152E500AE2A9C /* SceneDelegate.swift in Sources */,
			);
			runOnlyForDeploymentPostprocessing = 0;
		};
/* End PBXSourcesBuildPhase section */

/* Begin PBXVariantGroup section */
		79234E25290152E500AE2A9C /* Main.storyboard */ = {
			isa = PBXVariantGroup;
			children = (
				79234E26290152E500AE2A9C /* Base */,
			);
			name = Main.storyboard;
			sourceTree = "<group>";
		};
		79234E2A290152E700AE2A9C /* LaunchScreen.storyboard */ = {
			isa = PBXVariantGroup;
			children = (
				79234E2B290152E700AE2A9C /* Base */,
			);
			name = LaunchScreen.storyboard;
			sourceTree = "<group>";
		};
/* End PBXVariantGroup section */

/* Begin XCBuildConfiguration section */
		79234E2E290152E700AE2A9C /* Debug */ = {
			isa = XCBuildConfiguration;
			buildSettings = {
				ALWAYS_SEARCH_USER_PATHS = NO;
				CLANG_ANALYZER_NONNULL = YES;
				CLANG_ANALYZER_NUMBER_OBJECT_CONVERSION = YES_AGGRESSIVE;
				CLANG_CXX_LANGUAGE_STANDARD = "gnu++20";
				CLANG_ENABLE_MODULES = YES;
				CLANG_ENABLE_OBJC_ARC = YES;
				CLANG_ENABLE_OBJC_WEAK = YES;
				CLANG_WARN_BLOCK_CAPTURE_AUTORELEASING = YES;
				CLANG_WARN_BOOL_CONVERSION = YES;
				CLANG_WARN_COMMA = YES;
				CLANG_WARN_CONSTANT_CONVERSION = YES;
				CLANG_WARN_DEPRECATED_OBJC_IMPLEMENTATIONS = YES;
				CLANG_WARN_DIRECT_OBJC_ISA_USAGE = YES_ERROR;
				CLANG_WARN_DOCUMENTATION_COMMENTS = YES;
				CLANG_WARN_EMPTY_BODY = YES;
				CLANG_WARN_ENUM_CONVERSION = YES;
				CLANG_WARN_INFINITE_RECURSION = YES;
				CLANG_WARN_INT_CONVERSION = YES;
				CLANG_WARN_NON_LITERAL_NULL_CONVERSION = YES;
				CLANG_WARN_OBJC_IMPLICIT_RETAIN_SELF = YES;
				CLANG_WARN_OBJC_LITERAL_CONVERSION = YES;
				CLANG_WARN_OBJC_ROOT_CLASS = YES_ERROR;
				CLANG_WARN_QUOTED_INCLUDE_IN_FRAMEWORK_HEADER = YES;
				CLANG_WARN_RANGE_LOOP_ANALYSIS = YES;
				CLANG_WARN_STRICT_PROTOTYPES = YES;
				CLANG_WARN_SUSPICIOUS_MOVE = YES;
				CLANG_WARN_UNGUARDED_AVAILABILITY = YES_AGGRESSIVE;
				CLANG_WARN_UNREACHABLE_CODE = YES;
				CLANG_WARN__DUPLICATE_METHOD_MATCH = YES;
				COPY_PHASE_STRIP = NO;
				DEBUG_INFORMATION_FORMAT = dwarf;
				ENABLE_STRICT_OBJC_MSGSEND = YES;
				ENABLE_TESTABILITY = YES;
				GCC_C_LANGUAGE_STANDARD = gnu11;
				GCC_DYNAMIC_NO_PIC = NO;
				GCC_NO_COMMON_BLOCKS = YES;
				GCC_OPTIMIZATION_LEVEL = 0;
				GCC_PREPROCESSOR_DEFINITIONS = (
					"DEBUG=1",
					"$(inherited)",
				);
				GCC_WARN_64_TO_32_BIT_CONVERSION = YES;
				GCC_WARN_ABOUT_RETURN_TYPE = YES_ERROR;
				GCC_WARN_UNDECLARED_SELECTOR = YES;
				GCC_WARN_UNINITIALIZED_AUTOS = YES_AGGRESSIVE;
				GCC_WARN_UNUSED_FUNCTION = YES;
				GCC_WARN_UNUSED_VARIABLE = YES;
				IPHONEOS_DEPLOYMENT_TARGET = 16.0;
				MTL_ENABLE_DEBUG_INFO = INCLUDE_SOURCE;
				MTL_FAST_MATH = YES;
				ONLY_ACTIVE_ARCH = YES;
				SDKROOT = iphoneos;
				SWIFT_ACTIVE_COMPILATION_CONDITIONS = DEBUG;
				SWIFT_OPTIMIZATION_LEVEL = "-Onone";
			};
			name = Debug;
		};
		79234E2F290152E700AE2A9C /* Release */ = {
			isa = XCBuildConfiguration;
			buildSettings = {
				ALWAYS_SEARCH_USER_PATHS = NO;
				CLANG_ANALYZER_NONNULL = YES;
				CLANG_ANALYZER_NUMBER_OBJECT_CONVERSION = YES_AGGRESSIVE;
				CLANG_CXX_LANGUAGE_STANDARD = "gnu++20";
				CLANG_ENABLE_MODULES = YES;
				CLANG_ENABLE_OBJC_ARC = YES;
				CLANG_ENABLE_OBJC_WEAK = YES;
				CLANG_WARN_BLOCK_CAPTURE_AUTORELEASING = YES;
				CLANG_WARN_BOOL_CONVERSION = YES;
				CLANG_WARN_COMMA = YES;
				CLANG_WARN_CONSTANT_CONVERSION = YES;
				CLANG_WARN_DEPRECATED_OBJC_IMPLEMENTATIONS = YES;
				CLANG_WARN_DIRECT_OBJC_ISA_USAGE = YES_ERROR;
				CLANG_WARN_DOCUMENTATION_COMMENTS = YES;
				CLANG_WARN_EMPTY_BODY = YES;
				CLANG_WARN_ENUM_CONVERSION = YES;
				CLANG_WARN_INFINITE_RECURSION = YES;
				CLANG_WARN_INT_CONVERSION = YES;
				CLANG_WARN_NON_LITERAL_NULL_CONVERSION = YES;
				CLANG_WARN_OBJC_IMPLICIT_RETAIN_SELF = YES;
				CLANG_WARN_OBJC_LITERAL_CONVERSION = YES;
				CLANG_WARN_OBJC_ROOT_CLASS = YES_ERROR;
				CLANG_WARN_QUOTED_INCLUDE_IN_FRAMEWORK_HEADER = YES;
				CLANG_WARN_RANGE_LOOP_ANALYSIS = YES;
				CLANG_WARN_STRICT_PROTOTYPES = YES;
				CLANG_WARN_SUSPICIOUS_MOVE = YES;
				CLANG_WARN_UNGUARDED_AVAILABILITY = YES_AGGRESSIVE;
				CLANG_WARN_UNREACHABLE_CODE = YES;
				CLANG_WARN__DUPLICATE_METHOD_MATCH = YES;
				COPY_PHASE_STRIP = NO;
				DEBUG_INFORMATION_FORMAT = "dwarf-with-dsym";
				ENABLE_NS_ASSERTIONS = NO;
				ENABLE_STRICT_OBJC_MSGSEND = YES;
				GCC_C_LANGUAGE_STANDARD = gnu11;
				GCC_NO_COMMON_BLOCKS = YES;
				GCC_WARN_64_TO_32_BIT_CONVERSION = YES;
				GCC_WARN_ABOUT_RETURN_TYPE = YES_ERROR;
				GCC_WARN_UNDECLARED_SELECTOR = YES;
				GCC_WARN_UNINITIALIZED_AUTOS = YES_AGGRESSIVE;
				GCC_WARN_UNUSED_FUNCTION = YES;
				GCC_WARN_UNUSED_VARIABLE = YES;
				IPHONEOS_DEPLOYMENT_TARGET = 16.0;
				MTL_ENABLE_DEBUG_INFO = NO;
				MTL_FAST_MATH = YES;
				SDKROOT = iphoneos;
				SWIFT_COMPILATION_MODE = wholemodule;
				SWIFT_OPTIMIZATION_LEVEL = "-O";
				VALIDATE_PRODUCT = YES;
			};
			name = Release;
		};
		79234E31290152E700AE2A9C /* Debug */ = {
			isa = XCBuildConfiguration;
			buildSettings = {
				ASSETCATALOG_COMPILER_APPICON_NAME = AppIcon;
				ASSETCATALOG_COMPILER_GLOBAL_ACCENT_COLOR_NAME = AccentColor;
				CODE_SIGN_STYLE = Automatic;
				CURRENT_PROJECT_VERSION = 1;
				DEVELOPMENT_TEAM = KKH4UHMTXR;
				GENERATE_INFOPLIST_FILE = YES;
				INFOPLIST_FILE = "MVVM + RxSwift/Info.plist";
				INFOPLIST_KEY_UIApplicationSupportsIndirectInputEvents = YES;
				INFOPLIST_KEY_UILaunchStoryboardName = LaunchScreen;
				INFOPLIST_KEY_UIMainStoryboardFile = Main;
				INFOPLIST_KEY_UISupportedInterfaceOrientations_iPad = "UIInterfaceOrientationPortrait UIInterfaceOrientationPortraitUpsideDown UIInterfaceOrientationLandscapeLeft UIInterfaceOrientationLandscapeRight";
				INFOPLIST_KEY_UISupportedInterfaceOrientations_iPhone = "UIInterfaceOrientationPortrait UIInterfaceOrientationLandscapeLeft UIInterfaceOrientationLandscapeRight";
				LD_RUNPATH_SEARCH_PATHS = (
					"$(inherited)",
					"@executable_path/Frameworks",
				);
				MARKETING_VERSION = 1.0;
				PRODUCT_BUNDLE_IDENTIFIER = "ArtemKharshenko.ru.MVVM---RxSwift";
				PRODUCT_NAME = "$(TARGET_NAME)";
				SUPPORTED_PLATFORMS = "iphoneos iphonesimulator";
				SUPPORTS_MACCATALYST = NO;
				SUPPORTS_MAC_DESIGNED_FOR_IPHONE_IPAD = YES;
				SWIFT_EMIT_LOC_STRINGS = YES;
				SWIFT_VERSION = 5.0;
				TARGETED_DEVICE_FAMILY = 1;
			};
			name = Debug;
		};
		79234E32290152E700AE2A9C /* Release */ = {
			isa = XCBuildConfiguration;
			buildSettings = {
				ASSETCATALOG_COMPILER_APPICON_NAME = AppIcon;
				ASSETCATALOG_COMPILER_GLOBAL_ACCENT_COLOR_NAME = AccentColor;
				CODE_SIGN_STYLE = Automatic;
				CURRENT_PROJECT_VERSION = 1;
				DEVELOPMENT_TEAM = KKH4UHMTXR;
				GENERATE_INFOPLIST_FILE = YES;
				INFOPLIST_FILE = "MVVM + RxSwift/Info.plist";
				INFOPLIST_KEY_UIApplicationSupportsIndirectInputEvents = YES;
				INFOPLIST_KEY_UILaunchStoryboardName = LaunchScreen;
				INFOPLIST_KEY_UIMainStoryboardFile = Main;
				INFOPLIST_KEY_UISupportedInterfaceOrientations_iPad = "UIInterfaceOrientationPortrait UIInterfaceOrientationPortraitUpsideDown UIInterfaceOrientationLandscapeLeft UIInterfaceOrientationLandscapeRight";
				INFOPLIST_KEY_UISupportedInterfaceOrientations_iPhone = "UIInterfaceOrientationPortrait UIInterfaceOrientationLandscapeLeft UIInterfaceOrientationLandscapeRight";
				LD_RUNPATH_SEARCH_PATHS = (
					"$(inherited)",
					"@executable_path/Frameworks",
				);
				MARKETING_VERSION = 1.0;
				PRODUCT_BUNDLE_IDENTIFIER = "ArtemKharshenko.ru.MVVM---RxSwift";
				PRODUCT_NAME = "$(TARGET_NAME)";
				SUPPORTED_PLATFORMS = "iphoneos iphonesimulator";
				SUPPORTS_MACCATALYST = NO;
				SUPPORTS_MAC_DESIGNED_FOR_IPHONE_IPAD = YES;
				SWIFT_EMIT_LOC_STRINGS = YES;
				SWIFT_VERSION = 5.0;
				TARGETED_DEVICE_FAMILY = 1;
			};
			name = Release;
		};
/* End XCBuildConfiguration section */

/* Begin XCConfigurationList section */
		79234E17290152E500AE2A9C /* Build configuration list for PBXProject "MVVM + RxSwift" */ = {
			isa = XCConfigurationList;
			buildConfigurations = (
				79234E2E290152E700AE2A9C /* Debug */,
				79234E2F290152E700AE2A9C /* Release */,
			);
			defaultConfigurationIsVisible = 0;
			defaultConfigurationName = Release;
		};
		79234E30290152E700AE2A9C /* Build configuration list for PBXNativeTarget "MVVM + RxSwift" */ = {
			isa = XCConfigurationList;
			buildConfigurations = (
				79234E31290152E700AE2A9C /* Debug */,
				79234E32290152E700AE2A9C /* Release */,
			);
			defaultConfigurationIsVisible = 0;
			defaultConfigurationName = Release;
		};
/* End XCConfigurationList section */

/* Begin XCRemoteSwiftPackageReference section */
		79234E33290153A600AE2A9C /* XCRemoteSwiftPackageReference "RxSwift" */ = {
			isa = XCRemoteSwiftPackageReference;
			repositoryURL = "https://github.com/ReactiveX/RxSwift";
			requirement = {
				branch = main;
				kind = branch;
			};
		};
/* End XCRemoteSwiftPackageReference section */

/* Begin XCSwiftPackageProductDependency section */
		79234E34290153A600AE2A9C /* RxCocoa */ = {
			isa = XCSwiftPackageProductDependency;
			package = 79234E33290153A600AE2A9C /* XCRemoteSwiftPackageReference "RxSwift" */;
			productName = RxCocoa;
		};
		79234E36290153A600AE2A9C /* RxRelay */ = {
			isa = XCSwiftPackageProductDependency;
			package = 79234E33290153A600AE2A9C /* XCRemoteSwiftPackageReference "RxSwift" */;
			productName = RxRelay;
		};
		79234E38290153A600AE2A9C /* RxSwift */ = {
			isa = XCSwiftPackageProductDependency;
			package = 79234E33290153A600AE2A9C /* XCRemoteSwiftPackageReference "RxSwift" */;
			productName = RxSwift;
		};
/* End XCSwiftPackageProductDependency section */
	};
	rootObject = 79234E14290152E500AE2A9C /* Project object */;
}
